
Microsoft Visual Studio Solution File, Format Version 12.00
# Visual Studio Version 17
VisualStudioVersion = 17.5.33516.290
MinimumVisualStudioVersion = 10.0.40219.1
Project("{9A19103F-16F7-4668-BE54-9A1E7A4F7556}") = "DiskTowersProblem", "DiskTowersProblem\DiskTowersProblem.csproj", "{B6173B33-22CA-47EB-A942-7CDF6309B7E9}"
EndProject
Project("{9A19103F-16F7-4668-BE54-9A1E7A4F7556}") = "DiskTowerProblemTest", "DsikTowerProblemTest\DiskTowerProblemTest.csproj", "{A5CD2057-5DA7-4143-84BB-8C062D961CCF}"
EndProject
Project("{FAE04EC0-301F-11D3-BF4B-00C04F79EFBC}") = "DiskTower.Domain", "DiskTower.Domain\DiskTower.Domain.csproj", "{0CF824B1-264A-4A52-9150-4D436C0A5902}"
EndProject
Project("{FAE04EC0-301F-11D3-BF4B-00C04F79EFBC}") = "InfraStructure", "InfraStructure\InfraStructure.csproj", "{B02C1D98-1F69-4D1E-911B-71B180414CD5}"
EndProject
Project("{2150E333-8FDC-42A3-9474-1A3956D46DE8}") = "core", "core", "{FFA9BDE9-4AD9-4EA2-A80B-CEF465536E55}"
EndProject
Project("{2150E333-8FDC-42A3-9474-1A3956D46DE8}") = "Test", "Test", "{4DCEC247-8A3C-4CBF-BDE2-F63D7AC2C91E}"
EndProject
Project("{FAE04EC0-301F-11D3-BF4B-00C04F79EFBC}") = "DiskTower.Application", "DiskTower.Application\DiskTower.Application.csproj", "{DC4CA609-D10C-45EB-A6E3-2528B60C20A1}"
EndProject
Project("{2150E333-8FDC-42A3-9474-1A3956D46DE8}") = "UI", "UI", "{02EA681E-C7D8-13C7-8484-4AC65E1B71E8}"
EndProject
Project("{2150E333-8FDC-42A3-9474-1A3956D46DE8}") = "Persistence", "Persistence", "{575F8623-6CCA-4B6C-9CB6-06E5434BDEA0}"
EndProject
Global
	GlobalSection(SolutionConfigurationPlatforms) = preSolution
		Debug|Any CPU = Debug|Any CPU
		Release|Any CPU = Release|Any CPU
	EndGlobalSection
	GlobalSection(ProjectConfigurationPlatforms) = postSolution
		{B6173B33-22CA-47EB-A942-7CDF6309B7E9}.Debug|Any CPU.ActiveCfg = Debug|Any CPU
		{B6173B33-22CA-47EB-A942-7CDF6309B7E9}.Debug|Any CPU.Build.0 = Debug|Any CPU
		{B6173B33-22CA-47EB-A942-7CDF6309B7E9}.Release|Any CPU.ActiveCfg = Release|Any CPU
		{B6173B33-22CA-47EB-A942-7CDF6309B7E9}.Release|Any CPU.Build.0 = Release|Any CPU
		{A5CD2057-5DA7-4143-84BB-8C062D961CCF}.Debug|Any CPU.ActiveCfg = Debug|Any CPU
		{A5CD2057-5DA7-4143-84BB-8C062D961CCF}.Debug|Any CPU.Build.0 = Debug|Any CPU
		{A5CD2057-5DA7-4143-84BB-8C062D961CCF}.Release|Any CPU.ActiveCfg = Release|Any CPU
		{A5CD2057-5DA7-4143-84BB-8C062D961CCF}.Release|Any CPU.Build.0 = Release|Any CPU
		{0CF824B1-264A-4A52-9150-4D436C0A5902}.Debug|Any CPU.ActiveCfg = Debug|Any CPU
		{0CF824B1-264A-4A52-9150-4D436C0A5902}.Debug|Any CPU.Build.0 = Debug|Any CPU
		{0CF824B1-264A-4A52-9150-4D436C0A5902}.Release|Any CPU.ActiveCfg = Release|Any CPU
		{0CF824B1-264A-4A52-9150-4D436C0A5902}.Release|Any CPU.Build.0 = Release|Any CPU
		{B02C1D98-1F69-4D1E-911B-71B180414CD5}.Debug|Any CPU.ActiveCfg = Debug|Any CPU
		{B02C1D98-1F69-4D1E-911B-71B180414CD5}.Debug|Any CPU.Build.0 = Debug|Any CPU
		{B02C1D98-1F69-4D1E-911B-71B180414CD5}.Release|Any CPU.ActiveCfg = Release|Any CPU
		{B02C1D98-1F69-4D1E-911B-71B180414CD5}.Release|Any CPU.Build.0 = Release|Any CPU
		{DC4CA609-D10C-45EB-A6E3-2528B60C20A1}.Debug|Any CPU.ActiveCfg = Debug|Any CPU
		{DC4CA609-D10C-45EB-A6E3-2528B60C20A1}.Debug|Any CPU.Build.0 = Debug|Any CPU
		{DC4CA609-D10C-45EB-A6E3-2528B60C20A1}.Release|Any CPU.ActiveCfg = Release|Any CPU
		{DC4CA609-D10C-45EB-A6E3-2528B60C20A1}.Release|Any CPU.Build.0 = Release|Any CPU
	EndGlobalSection
	GlobalSection(SolutionProperties) = preSolution
		HideSolutionNode = FALSE
	EndGlobalSection
	GlobalSection(NestedProjects) = preSolution
		{B6173B33-22CA-47EB-A942-7CDF6309B7E9} = {02EA681E-C7D8-13C7-8484-4AC65E1B71E8}
		{A5CD2057-5DA7-4143-84BB-8C062D961CCF} = {4DCEC247-8A3C-4CBF-BDE2-F63D7AC2C91E}
		{0CF824B1-264A-4A52-9150-4D436C0A5902} = {FFA9BDE9-4AD9-4EA2-A80B-CEF465536E55}
		{B02C1D98-1F69-4D1E-911B-71B180414CD5} = {575F8623-6CCA-4B6C-9CB6-06E5434BDEA0}
		{DC4CA609-D10C-45EB-A6E3-2528B60C20A1} = {FFA9BDE9-4AD9-4EA2-A80B-CEF465536E55}
	EndGlobalSection
	GlobalSection(ExtensibilityGlobals) = postSolution
		SolutionGuid = {90817131-D146-47C8-BCA7-110ABEA42605}
	EndGlobalSection
EndGlobal
